
Microsoft Visual Studio Solution File, Format Version 12.00
# Visual Studio 2012
Project("{FAE04EC0-301F-11D3-BF4B-00C04F79EFBC}") = "spielwiese", "spielwiese\spielwiese.csproj", "{B33C6BE3-31DC-4B85-8C8A-E157418944AE}"
EndProject
Global
	GlobalSection(SolutionConfigurationPlatforms) = preSolution
		Debug|Any CPU = Debug|Any CPU
		Release|Any CPU = Release|Any CPU
	EndGlobalSection
	GlobalSection(ProjectConfigurationPlatforms) = postSolution
		{B33C6BE3-31DC-4B85-8C8A-E157418944AE}.Debug|Any CPU.ActiveCfg = Debug|Any CPU
		{B33C6BE3-31DC-4B85-8C8A-E157418944AE}.Debug|Any CPU.Build.0 = Debug|Any CPU
		{B33C6BE3-31DC-4B85-8C8A-E157418944AE}.Release|Any CPU.ActiveCfg = Release|Any CPU
		{B33C6BE3-31DC-4B85-8C8A-E157418944AE}.Release|Any CPU.Build.0 = Release|Any CPU
	EndGlobalSection
	GlobalSection(SolutionProperties) = preSolution
		HideSolutionNode = FALSE
	EndGlobalSection
EndGlobal
